// !$*UTF8*$!
{
	archiveVersion = 1;
	classes = {
	};
	objectVersion = 77;
	objects = {

/* Begin PBXBuildFile section */
		5B19A82F2E644DA300DF7F59 /* AsyncAlgorithms in Frameworks */ = {isa = PBXBuildFile; productRef = 5B19A82E2E644DA300DF7F59 /* AsyncAlgorithms */; };
/* End PBXBuildFile section */

/* Begin PBXContainerItemProxy section */
		5B2AB8A02E639EAD005B715C /* PBXContainerItemProxy */ = {
			isa = PBXContainerItemProxy;
			containerPortal = 5B2AB88A2E639EAC005B715C /* Project object */;
			proxyType = 1;
			remoteGlobalIDString = 5B2AB8912E639EAC005B715C;
			remoteInfo = DeliVer;
		};
		5B2AB8AA2E639EAD005B715C /* PBXContainerItemProxy */ = {
			isa = PBXContainerItemProxy;
			containerPortal = 5B2AB88A2E639EAC005B715C /* Project object */;
			proxyType = 1;
			remoteGlobalIDString = 5B2AB8912E639EAC005B715C;
			remoteInfo = DeliVer;
		};
/* End PBXContainerItemProxy section */

/* Begin PBXFileReference section */
		5B2AB8922E639EAC005B715C /* DeliVer.app */ = {isa = PBXFileReference; explicitFileType = wrapper.application; includeInIndex = 0; path = DeliVer.app; sourceTree = BUILT_PRODUCTS_DIR; };
		5B2AB89F2E639EAD005B715C /* DeliVerTests.xctest */ = {isa = PBXFileReference; explicitFileType = wrapper.cfbundle; includeInIndex = 0; path = DeliVerTests.xctest; sourceTree = BUILT_PRODUCTS_DIR; };
		5B2AB8A92E639EAD005B715C /* DeliVerUITests.xctest */ = {isa = PBXFileReference; explicitFileType = wrapper.cfbundle; includeInIndex = 0; path = DeliVerUITests.xctest; sourceTree = BUILT_PRODUCTS_DIR; };
/* End PBXFileReference section */

/* Begin PBXFileSystemSynchronizedBuildFileExceptionSet section */
		5BBDF0322E72CF0200BEB03C /* Exceptions for "DeliVer" folder in "DeliVer" target */ = {
			isa = PBXFileSystemSynchronizedBuildFileExceptionSet;
			membershipExceptions = (
				Info.plist,
			);
			target = 5B2AB8912E639EAC005B715C /* DeliVer */;
		};
/* End PBXFileSystemSynchronizedBuildFileExceptionSet section */

/* Begin PBXFileSystemSynchronizedRootGroup section */
		5B2AB8942E639EAC005B715C /* DeliVer */ = {
			isa = PBXFileSystemSynchronizedRootGroup;
			exceptions = (
				5BBDF0322E72CF0200BEB03C /* Exceptions for "DeliVer" folder in "DeliVer" target */,
			);
			path = DeliVer;
			sourceTree = "<group>";
		};
		5B2AB8A22E639EAD005B715C /* DeliVerTests */ = {
			isa = PBXFileSystemSynchronizedRootGroup;
			path = DeliVerTests;
			sourceTree = "<group>";
		};
		5B2AB8AC2E639EAD005B715C /* DeliVerUITests */ = {
			isa = PBXFileSystemSynchronizedRootGroup;
			path = DeliVerUITests;
			sourceTree = "<group>";
		};
/* End PBXFileSystemSynchronizedRootGroup section */

/* Begin PBXFrameworksBuildPhase section */
		5B2AB88F2E639EAC005B715C /* Frameworks */ = {
			isa = PBXFrameworksBuildPhase;
			buildActionMask = 2147483647;
			files = (
				5B19A82F2E644DA300DF7F59 /* AsyncAlgorithms in Frameworks */,
			);
			runOnlyForDeploymentPostprocessing = 0;
		};
		5B2AB89C2E639EAD005B715C /* Frameworks */ = {
			isa = PBXFrameworksBuildPhase;
			buildActionMask = 2147483647;
			files = (
			);
			runOnlyForDeploymentPostprocessing = 0;
		};
		5B2AB8A62E639EAD005B715C /* Frameworks */ = {
			isa = PBXFrameworksBuildPhase;
			buildActionMask = 2147483647;
			files = (
			);
			runOnlyForDeploymentPostprocessing = 0;
		};
/* End PBXFrameworksBuildPhase section */

/* Begin PBXGroup section */
		5B2AB8892E639EAC005B715C = {
			isa = PBXGroup;
			children = (
				5B2AB8942E639EAC005B715C /* DeliVer */,
				5B2AB8A22E639EAD005B715C /* DeliVerTests */,
				5B2AB8AC2E639EAD005B715C /* DeliVerUITests */,
				5B2AB8932E639EAC005B715C /* Products */,
			);
			sourceTree = "<group>";
		};
		5B2AB8932E639EAC005B715C /* Products */ = {
			isa = PBXGroup;
			children = (
				5B2AB8922E639EAC005B715C /* DeliVer.app */,
				5B2AB89F2E639EAD005B715C /* DeliVerTests.xctest */,
				5B2AB8A92E639EAD005B715C /* DeliVerUITests.xctest */,
			);
			name = Products;
			sourceTree = "<group>";
		};
/* End PBXGroup section */

/* Begin PBXNativeTarget section */
		5B2AB8912E639EAC005B715C /* DeliVer */ = {
			isa = PBXNativeTarget;
			buildConfigurationList = 5B2AB8B32E639EAD005B715C /* Build configuration list for PBXNativeTarget "DeliVer" */;
			buildPhases = (
				5B2AB88E2E639EAC005B715C /* Sources */,
				5B2AB88F2E639EAC005B715C /* Frameworks */,
				5B2AB8902E639EAC005B715C /* Resources */,
			);
			buildRules = (
			);
			dependencies = (
			);
			fileSystemSynchronizedGroups = (
				5B2AB8942E639EAC005B715C /* DeliVer */,
			);
			name = DeliVer;
			packageProductDependencies = (
				5B19A82E2E644DA300DF7F59 /* AsyncAlgorithms */,
			);
			productName = DeliVer;
			productReference = 5B2AB8922E639EAC005B715C /* DeliVer.app */;
			productType = "com.apple.product-type.application";
		};
		5B2AB89E2E639EAD005B715C /* DeliVerTests */ = {
			isa = PBXNativeTarget;
			buildConfigurationList = 5B2AB8B62E639EAD005B715C /* Build configuration list for PBXNativeTarget "DeliVerTests" */;
			buildPhases = (
				5B2AB89B2E639EAD005B715C /* Sources */,
				5B2AB89C2E639EAD005B715C /* Frameworks */,
				5B2AB89D2E639EAD005B715C /* Resources */,
			);
			buildRules = (
			);
			dependencies = (
				5B2AB8A12E639EAD005B715C /* PBXTargetDependency */,
			);
			fileSystemSynchronizedGroups = (
				5B2AB8A22E639EAD005B715C /* DeliVerTests */,
			);
			name = DeliVerTests;
			packageProductDependencies = (
			);
			productName = DeliVerTests;
			productReference = 5B2AB89F2E639EAD005B715C /* DeliVerTests.xctest */;
			productType = "com.apple.product-type.bundle.unit-test";
		};
		5B2AB8A82E639EAD005B715C /* DeliVerUITests */ = {
			isa = PBXNativeTarget;
			buildConfigurationList = 5B2AB8B92E639EAD005B715C /* Build configuration list for PBXNativeTarget "DeliVerUITests" */;
			buildPhases = (
				5B2AB8A52E639EAD005B715C /* Sources */,
				5B2AB8A62E639EAD005B715C /* Frameworks */,
				5B2AB8A72E639EAD005B715C /* Resources */,
			);
			buildRules = (
			);
			dependencies = (
				5B2AB8AB2E639EAD005B715C /* PBXTargetDependency */,
			);
			fileSystemSynchronizedGroups = (
				5B2AB8AC2E639EAD005B715C /* DeliVerUITests */,
			);
			name = DeliVerUITests;
			packageProductDependencies = (
			);
			productName = DeliVerUITests;
			productReference = 5B2AB8A92E639EAD005B715C /* DeliVerUITests.xctest */;
			productType = "com.apple.product-type.bundle.ui-testing";
		};
/* End PBXNativeTarget section */

/* Begin PBXProject section */
		5B2AB88A2E639EAC005B715C /* Project object */ = {
			isa = PBXProject;
			attributes = {
				BuildIndependentTargetsInParallel = 1;
				LastSwiftUpdateCheck = 1640;
				LastUpgradeCheck = 2600;
				TargetAttributes = {
					5B2AB8912E639EAC005B715C = {
						CreatedOnToolsVersion = 16.4;
					};
					5B2AB89E2E639EAD005B715C = {
						CreatedOnToolsVersion = 16.4;
						TestTargetID = 5B2AB8912E639EAC005B715C;
					};
					5B2AB8A82E639EAD005B715C = {
						CreatedOnToolsVersion = 16.4;
						TestTargetID = 5B2AB8912E639EAC005B715C;
					};
				};
			};
			buildConfigurationList = 5B2AB88D2E639EAC005B715C /* Build configuration list for PBXProject "DeliVer" */;
			developmentRegion = en;
			hasScannedForEncodings = 0;
			knownRegions = (
				en,
				Base,
			);
			mainGroup = 5B2AB8892E639EAC005B715C;
			minimizedProjectReferenceProxies = 1;
			packageReferences = (
				5B19A82D2E644DA300DF7F59 /* XCRemoteSwiftPackageReference "swift-async-algorithms" */,
			);
			preferredProjectObjectVersion = 77;
			productRefGroup = 5B2AB8932E639EAC005B715C /* Products */;
			projectDirPath = "";
			projectRoot = "";
			targets = (
				5B2AB8912E639EAC005B715C /* DeliVer */,
				5B2AB89E2E639EAD005B715C /* DeliVerTests */,
				5B2AB8A82E639EAD005B715C /* DeliVerUITests */,
			);
		};
/* End PBXProject section */

/* Begin PBXResourcesBuildPhase section */
		5B2AB8902E639EAC005B715C /* Resources */ = {
			isa = PBXResourcesBuildPhase;
			buildActionMask = 2147483647;
			files = (
			);
			runOnlyForDeploymentPostprocessing = 0;
		};
		5B2AB89D2E639EAD005B715C /* Resources */ = {
			isa = PBXResourcesBuildPhase;
			buildActionMask = 2147483647;
			files = (
			);
			runOnlyForDeploymentPostprocessing = 0;
		};
		5B2AB8A72E639EAD005B715C /* Resources */ = {
			isa = PBXResourcesBuildPhase;
			buildActionMask = 2147483647;
			files = (
			);
			runOnlyForDeploymentPostprocessing = 0;
		};
/* End PBXResourcesBuildPhase section */

/* Begin PBXSourcesBuildPhase section */
		5B2AB88E2E639EAC005B715C /* Sources */ = {
			isa = PBXSourcesBuildPhase;
			buildActionMask = 2147483647;
			files = (
			);
			runOnlyForDeploymentPostprocessing = 0;
		};
		5B2AB89B2E639EAD005B715C /* Sources */ = {
			isa = PBXSourcesBuildPhase;
			buildActionMask = 2147483647;
			files = (
			);
			runOnlyForDeploymentPostprocessing = 0;
		};
		5B2AB8A52E639EAD005B715C /* Sources */ = {
			isa = PBXSourcesBuildPhase;
			buildActionMask = 2147483647;
			files = (
			);
			runOnlyForDeploymentPostprocessing = 0;
		};
/* End PBXSourcesBuildPhase section */

/* Begin PBXTargetDependency section */
		5B2AB8A12E639EAD005B715C /* PBXTargetDependency */ = {
			isa = PBXTargetDependency;
			target = 5B2AB8912E639EAC005B715C /* DeliVer */;
			targetProxy = 5B2AB8A02E639EAD005B715C /* PBXContainerItemProxy */;
		};
		5B2AB8AB2E639EAD005B715C /* PBXTargetDependency */ = {
			isa = PBXTargetDependency;
			target = 5B2AB8912E639EAC005B715C /* DeliVer */;
			targetProxy = 5B2AB8AA2E639EAD005B715C /* PBXContainerItemProxy */;
		};
/* End PBXTargetDependency section */

/* Begin XCBuildConfiguration section */
		5B2AB8B12E639EAD005B715C /* Debug */ = {
			isa = XCBuildConfiguration;
			buildSettings = {
				ALWAYS_SEARCH_USER_PATHS = NO;
				ASSETCATALOG_COMPILER_GENERATE_SWIFT_ASSET_SYMBOL_EXTENSIONS = YES;
				CLANG_ANALYZER_NONNULL = YES;
				CLANG_ANALYZER_NUMBER_OBJECT_CONVERSION = YES_AGGRESSIVE;
				CLANG_CXX_LANGUAGE_STANDARD = "gnu++20";
				CLANG_ENABLE_MODULES = YES;
				CLANG_ENABLE_OBJC_ARC = YES;
				CLANG_ENABLE_OBJC_WEAK = YES;
				CLANG_WARN_BLOCK_CAPTURE_AUTORELEASING = YES;
				CLANG_WARN_BOOL_CONVERSION = YES;
				CLANG_WARN_COMMA = YES;
				CLANG_WARN_CONSTANT_CONVERSION = YES;
				CLANG_WARN_DEPRECATED_OBJC_IMPLEMENTATIONS = YES;
				CLANG_WARN_DIRECT_OBJC_ISA_USAGE = YES_ERROR;
				CLANG_WARN_DOCUMENTATION_COMMENTS = YES;
				CLANG_WARN_EMPTY_BODY = YES;
				CLANG_WARN_ENUM_CONVERSION = YES;
				CLANG_WARN_INFINITE_RECURSION = YES;
				CLANG_WARN_INT_CONVERSION = YES;
				CLANG_WARN_NON_LITERAL_NULL_CONVERSION = YES;
				CLANG_WARN_OBJC_IMPLICIT_RETAIN_SELF = YES;
				CLANG_WARN_OBJC_LITERAL_CONVERSION = YES;
				CLANG_WARN_OBJC_ROOT_CLASS = YES_ERROR;
				CLANG_WARN_QUOTED_INCLUDE_IN_FRAMEWORK_HEADER = YES;
				CLANG_WARN_RANGE_LOOP_ANALYSIS = YES;
				CLANG_WARN_STRICT_PROTOTYPES = YES;
				CLANG_WARN_SUSPICIOUS_MOVE = YES;
				CLANG_WARN_UNGUARDED_AVAILABILITY = YES_AGGRESSIVE;
				CLANG_WARN_UNREACHABLE_CODE = YES;
				CLANG_WARN__DUPLICATE_METHOD_MATCH = YES;
				COPY_PHASE_STRIP = NO;
				DEBUG_INFORMATION_FORMAT = dwarf;
				DEVELOPMENT_TEAM = JC76GUB86N;
				ENABLE_STRICT_OBJC_MSGSEND = YES;
				ENABLE_TESTABILITY = YES;
				ENABLE_USER_SCRIPT_SANDBOXING = YES;
				GCC_C_LANGUAGE_STANDARD = gnu17;
				GCC_DYNAMIC_NO_PIC = NO;
				GCC_NO_COMMON_BLOCKS = YES;
				GCC_OPTIMIZATION_LEVEL = 0;
				GCC_PREPROCESSOR_DEFINITIONS = (
					"DEBUG=1",
					"$(inherited)",
				);
				GCC_WARN_64_TO_32_BIT_CONVERSION = YES;
				GCC_WARN_ABOUT_RETURN_TYPE = YES_ERROR;
				GCC_WARN_UNDECLARED_SELECTOR = YES;
				GCC_WARN_UNINITIALIZED_AUTOS = YES_AGGRESSIVE;
				GCC_WARN_UNUSED_FUNCTION = YES;
				GCC_WARN_UNUSED_VARIABLE = YES;
				IPHONEOS_DEPLOYMENT_TARGET = 18.5;
				LOCALIZATION_PREFERS_STRING_CATALOGS = YES;
				MTL_ENABLE_DEBUG_INFO = INCLUDE_SOURCE;
				MTL_FAST_MATH = YES;
				ONLY_ACTIVE_ARCH = YES;
				SDKROOT = iphoneos;
				STRING_CATALOG_GENERATE_SYMBOLS = YES;
				SWIFT_ACTIVE_COMPILATION_CONDITIONS = "DEBUG $(inherited)";
				SWIFT_OPTIMIZATION_LEVEL = "-Onone";
			};
			name = Debug;
		};
		5B2AB8B22E639EAD005B715C /* Release */ = {
			isa = XCBuildConfiguration;
			buildSettings = {
				ALWAYS_SEARCH_USER_PATHS = NO;
				ASSETCATALOG_COMPILER_GENERATE_SWIFT_ASSET_SYMBOL_EXTENSIONS = YES;
				CLANG_ANALYZER_NONNULL = YES;
				CLANG_ANALYZER_NUMBER_OBJECT_CONVERSION = YES_AGGRESSIVE;
				CLANG_CXX_LANGUAGE_STANDARD = "gnu++20";
				CLANG_ENABLE_MODULES = YES;
				CLANG_ENABLE_OBJC_ARC = YES;
				CLANG_ENABLE_OBJC_WEAK = YES;
				CLANG_WARN_BLOCK_CAPTURE_AUTORELEASING = YES;
				CLANG_WARN_BOOL_CONVERSION = YES;
				CLANG_WARN_COMMA = YES;
				CLANG_WARN_CONSTANT_CONVERSION = YES;
				CLANG_WARN_DEPRECATED_OBJC_IMPLEMENTATIONS = YES;
				CLANG_WARN_DIRECT_OBJC_ISA_USAGE = YES_ERROR;
				CLANG_WARN_DOCUMENTATION_COMMENTS = YES;
				CLANG_WARN_EMPTY_BODY = YES;
				CLANG_WARN_ENUM_CONVERSION = YES;
				CLANG_WARN_INFINITE_RECURSION = YES;
				CLANG_WARN_INT_CONVERSION = YES;
				CLANG_WARN_NON_LITERAL_NULL_CONVERSION = YES;
				CLANG_WARN_OBJC_IMPLICIT_RETAIN_SELF = YES;
				CLANG_WARN_OBJC_LITERAL_CONVERSION = YES;
				CLANG_WARN_OBJC_ROOT_CLASS = YES_ERROR;
				CLANG_WARN_QUOTED_INCLUDE_IN_FRAMEWORK_HEADER = YES;
				CLANG_WARN_RANGE_LOOP_ANALYSIS = YES;
				CLANG_WARN_STRICT_PROTOTYPES = YES;
				CLANG_WARN_SUSPICIOUS_MOVE = YES;
				CLANG_WARN_UNGUARDED_AVAILABILITY = YES_AGGRESSIVE;
				CLANG_WARN_UNREACHABLE_CODE = YES;
				CLANG_WARN__DUPLICATE_METHOD_MATCH = YES;
				COPY_PHASE_STRIP = NO;
				DEBUG_INFORMATION_FORMAT = "dwarf-with-dsym";
				DEVELOPMENT_TEAM = JC76GUB86N;
				ENABLE_NS_ASSERTIONS = NO;
				ENABLE_STRICT_OBJC_MSGSEND = YES;
				ENABLE_USER_SCRIPT_SANDBOXING = YES;
				GCC_C_LANGUAGE_STANDARD = gnu17;
				GCC_NO_COMMON_BLOCKS = YES;
				GCC_WARN_64_TO_32_BIT_CONVERSION = YES;
				GCC_WARN_ABOUT_RETURN_TYPE = YES_ERROR;
				GCC_WARN_UNDECLARED_SELECTOR = YES;
				GCC_WARN_UNINITIALIZED_AUTOS = YES_AGGRESSIVE;
				GCC_WARN_UNUSED_FUNCTION = YES;
				GCC_WARN_UNUSED_VARIABLE = YES;
				IPHONEOS_DEPLOYMENT_TARGET = 18.5;
				LOCALIZATION_PREFERS_STRING_CATALOGS = YES;
				MTL_ENABLE_DEBUG_INFO = NO;
				MTL_FAST_MATH = YES;
				SDKROOT = iphoneos;
				STRING_CATALOG_GENERATE_SYMBOLS = YES;
				SWIFT_COMPILATION_MODE = wholemodule;
				VALIDATE_PRODUCT = YES;
			};
			name = Release;
		};
		5B2AB8B42E639EAD005B715C /* Debug */ = {
			isa = XCBuildConfiguration;
			buildSettings = {
				ASSETCATALOG_COMPILER_APPICON_NAME = AppIcon;
				ASSETCATALOG_COMPILER_GLOBAL_ACCENT_COLOR_NAME = AccentColor;
				CODE_SIGN_STYLE = Automatic;
				CURRENT_PROJECT_VERSION = 1;
				DEVELOPMENT_TEAM = JC76GUB86N;
				ENABLE_PREVIEWS = YES;
				GENERATE_INFOPLIST_FILE = YES;
				INFOPLIST_FILE = DeliVer/Info.plist;
				INFOPLIST_KEY_UIApplicationSceneManifest_Generation = YES;
				INFOPLIST_KEY_UIApplicationSupportsIndirectInputEvents = YES;
				INFOPLIST_KEY_UILaunchScreen_Generation = YES;
				INFOPLIST_KEY_UISupportedInterfaceOrientations_iPad = "UIInterfaceOrientationPortrait UIInterfaceOrientationPortraitUpsideDown UIInterfaceOrientationLandscapeLeft UIInterfaceOrientationLandscapeRight";
				INFOPLIST_KEY_UISupportedInterfaceOrientations_iPhone = "UIInterfaceOrientationPortrait UIInterfaceOrientationLandscapeLeft UIInterfaceOrientationLandscapeRight";
				LD_RUNPATH_SEARCH_PATHS = (
					"$(inherited)",
					"@executable_path/Frameworks",
				);
				MARKETING_VERSION = 1.0;
				PRODUCT_BUNDLE_IDENTIFIER = com.erenaskin.DeliVer;
				PRODUCT_NAME = "$(TARGET_NAME)";
				SWIFT_EMIT_LOC_STRINGS = YES;
				SWIFT_VERSION = 5.0;
				TARGETED_DEVICE_FAMILY = "1,2";
			};
			name = Debug;
		};
		5B2AB8B52E639EAD005B715C /* Release */ = {
			isa = XCBuildConfiguration;
			buildSettings = {
				ASSETCATALOG_COMPILER_APPICON_NAME = AppIcon;
				ASSETCATALOG_COMPILER_GLOBAL_ACCENT_COLOR_NAME = AccentColor;
				CODE_SIGN_STYLE = Automatic;
				CURRENT_PROJECT_VERSION = 1;
				DEVELOPMENT_TEAM = JC76GUB86N;
				ENABLE_PREVIEWS = YES;
				GENERATE_INFOPLIST_FILE = YES;
				INFOPLIST_FILE = DeliVer/Info.plist;
				INFOPLIST_KEY_UIApplicationSceneManifest_Generation = YES;
				INFOPLIST_KEY_UIApplicationSupportsIndirectInputEvents = YES;
				INFOPLIST_KEY_UILaunchScreen_Generation = YES;
				INFOPLIST_KEY_UISupportedInterfaceOrientations_iPad = "UIInterfaceOrientationPortrait UIInterfaceOrientationPortraitUpsideDown UIInterfaceOrientationLandscapeLeft UIInterfaceOrientationLandscapeRight";
				INFOPLIST_KEY_UISupportedInterfaceOrientations_iPhone = "UIInterfaceOrientationPortrait UIInterfaceOrientationLandscapeLeft UIInterfaceOrientationLandscapeRight";
				LD_RUNPATH_SEARCH_PATHS = (
					"$(inherited)",
					"@executable_path/Frameworks",
				);
				MARKETING_VERSION = 1.0;
				PRODUCT_BUNDLE_IDENTIFIER = com.erenaskin.DeliVer;
				PRODUCT_NAME = "$(TARGET_NAME)";
				SWIFT_EMIT_LOC_STRINGS = YES;
				SWIFT_VERSION = 5.0;
				TARGETED_DEVICE_FAMILY = "1,2";
			};
			name = Release;
		};
		5B2AB8B72E639EAD005B715C /* Debug */ = {
			isa = XCBuildConfiguration;
			buildSettings = {
				BUNDLE_LOADER = "$(TEST_HOST)";
				CODE_SIGN_STYLE = Automatic;
				CURRENT_PROJECT_VERSION = 1;
				DEVELOPMENT_TEAM = JC76GUB86N;
				GENERATE_INFOPLIST_FILE = YES;
				IPHONEOS_DEPLOYMENT_TARGET = 18.5;
				MARKETING_VERSION = 1.0;
				PRODUCT_BUNDLE_IDENTIFIER = com.erenaskin.DeliVerTests;
				PRODUCT_NAME = "$(TARGET_NAME)";
				SWIFT_EMIT_LOC_STRINGS = NO;
				SWIFT_VERSION = 5.0;
				TARGETED_DEVICE_FAMILY = "1,2";
				TEST_HOST = "$(BUILT_PRODUCTS_DIR)/DeliVer.app/$(BUNDLE_EXECUTABLE_FOLDER_PATH)/DeliVer";
			};
			name = Debug;
		};
		5B2AB8B82E639EAD005B715C /* Release */ = {
			isa = XCBuildConfiguration;
			buildSettings = {
				BUNDLE_LOADER = "$(TEST_HOST)";
				CODE_SIGN_STYLE = Automatic;
				CURRENT_PROJECT_VERSION = 1;
				DEVELOPMENT_TEAM = JC76GUB86N;
				GENERATE_INFOPLIST_FILE = YES;
				IPHONEOS_DEPLOYMENT_TARGET = 18.5;
				MARKETING_VERSION = 1.0;
				PRODUCT_BUNDLE_IDENTIFIER = com.erenaskin.DeliVerTests;
				PRODUCT_NAME = "$(TARGET_NAME)";
				SWIFT_EMIT_LOC_STRINGS = NO;
				SWIFT_VERSION = 5.0;
				TARGETED_DEVICE_FAMILY = "1,2";
				TEST_HOST = "$(BUILT_PRODUCTS_DIR)/DeliVer.app/$(BUNDLE_EXECUTABLE_FOLDER_PATH)/DeliVer";
			};
			name = Release;
		};
		5B2AB8BA2E639EAD005B715C /* Debug */ = {
			isa = XCBuildConfiguration;
			buildSettings = {
				CODE_SIGN_STYLE = Automatic;
				CURRENT_PROJECT_VERSION = 1;
				DEVELOPMENT_TEAM = JC76GUB86N;
				GENERATE_INFOPLIST_FILE = YES;
				MARKETING_VERSION = 1.0;
				PRODUCT_BUNDLE_IDENTIFIER = com.erenaskin.DeliVerUITests;
				PRODUCT_NAME = "$(TARGET_NAME)";
				SWIFT_EMIT_LOC_STRINGS = NO;
				SWIFT_VERSION = 5.0;
				TARGETED_DEVICE_FAMILY = "1,2";
				TEST_TARGET_NAME = DeliVer;
			};
			name = Debug;
		};
		5B2AB8BB2E639EAD005B715C /* Release */ = {
			isa = XCBuildConfiguration;
			buildSettings = {
				CODE_SIGN_STYLE = Automatic;
				CURRENT_PROJECT_VERSION = 1;
				DEVELOPMENT_TEAM = JC76GUB86N;
				GENERATE_INFOPLIST_FILE = YES;
				MARKETING_VERSION = 1.0;
				PRODUCT_BUNDLE_IDENTIFIER = com.erenaskin.DeliVerUITests;
				PRODUCT_NAME = "$(TARGET_NAME)";
				SWIFT_EMIT_LOC_STRINGS = NO;
				SWIFT_VERSION = 5.0;
				TARGETED_DEVICE_FAMILY = "1,2";
				TEST_TARGET_NAME = DeliVer;
			};
			name = Release;
		};
/* End XCBuildConfiguration section */

/* Begin XCConfigurationList section */
		5B2AB88D2E639EAC005B715C /* Build configuration list for PBXProject "DeliVer" */ = {
			isa = XCConfigurationList;
			buildConfigurations = (
				5B2AB8B12E639EAD005B715C /* Debug */,
				5B2AB8B22E639EAD005B715C /* Release */,
			);
			defaultConfigurationIsVisible = 0;
			defaultConfigurationName = Release;
		};
		5B2AB8B32E639EAD005B715C /* Build configuration list for PBXNativeTarget "DeliVer" */ = {
			isa = XCConfigurationList;
			buildConfigurations = (
				5B2AB8B42E639EAD005B715C /* Debug */,
				5B2AB8B52E639EAD005B715C /* Release */,
			);
			defaultConfigurationIsVisible = 0;
			defaultConfigurationName = Release;
		};
		5B2AB8B62E639EAD005B715C /* Build configuration list for PBXNativeTarget "DeliVerTests" */ = {
			isa = XCConfigurationList;
			buildConfigurations = (
				5B2AB8B72E639EAD005B715C /* Debug */,
				5B2AB8B82E639EAD005B715C /* Release */,
			);
			defaultConfigurationIsVisible = 0;
			defaultConfigurationName = Release;
		};
		5B2AB8B92E639EAD005B715C /* Build configuration list for PBXNativeTarget "DeliVerUITests" */ = {
			isa = XCConfigurationList;
			buildConfigurations = (
				5B2AB8BA2E639EAD005B715C /* Debug */,
				5B2AB8BB2E639EAD005B715C /* Release */,
			);
			defaultConfigurationIsVisible = 0;
			defaultConfigurationName = Release;
		};
/* End XCConfigurationList section */

/* Begin XCRemoteSwiftPackageReference section */
		5B19A82D2E644DA300DF7F59 /* XCRemoteSwiftPackageReference "swift-async-algorithms" */ = {
			isa = XCRemoteSwiftPackageReference;
			repositoryURL = "https://github.com/apple/swift-async-algorithms.git";
			requirement = {
				kind = upToNextMajorVersion;
				minimumVersion = 1.0.4;
			};
		};
/* End XCRemoteSwiftPackageReference section */

/* Begin XCSwiftPackageProductDependency section */
		5B19A82E2E644DA300DF7F59 /* AsyncAlgorithms */ = {
			isa = XCSwiftPackageProductDependency;
			package = 5B19A82D2E644DA300DF7F59 /* XCRemoteSwiftPackageReference "swift-async-algorithms" */;
			productName = AsyncAlgorithms;
		};
/* End XCSwiftPackageProductDependency section */
	};
	rootObject = 5B2AB88A2E639EAC005B715C /* Project object */;
}
